
Microsoft Visual Studio Solution File, Format Version 12.00
# Visual Studio Version 17
VisualStudioVersion = 17.0.31903.59
MinimumVisualStudioVersion = 10.0.40219.1
Project("{2150E333-8FDC-42A3-9474-1A3956D46DE8}") = "Shared", "Shared", "{4F52FD11-658E-A102-6CD3-7D7C16FFA15B}"
EndProject
Project("{FAE04EC0-301F-11D3-BF4B-00C04F79EFBC}") = "IoTTelemetry.Domain", "Shared\IoTTelemetry.Domain\IoTTelemetry.Domain.csproj", "{07B32DFE-C96B-407E-B037-498325056C50}"
EndProject
Project("{FAE04EC0-301F-11D3-BF4B-00C04F79EFBC}") = "IoTTelemetry.Shared.Infrastructure", "Shared\IoTTelemetry.Shared.Infrastructure\IoTTelemetry.Shared.Infrastructure.csproj", "{F8D8B99E-4132-4C29-98F1-255BD10D8317}"
EndProject
Project("{2150E333-8FDC-42A3-9474-1A3956D46DE8}") = "tests", "tests", "{0AB3BF05-4346-4AA6-1389-037BE0695223}"
EndProject
Project("{FAE04EC0-301F-11D3-BF4B-00C04F79EFBC}") = "IoTTelemetry.Domain.Tests", "tests\IoTTelemetry.Domain.Tests\IoTTelemetry.Domain.Tests.csproj", "{52160871-3803-44D8-B530-EA4003221B29}"
EndProject
Project("{FAE04EC0-301F-11D3-BF4B-00C04F79EFBC}") = "IoTTelemetry.Shared.Infrastructure.Tests", "tests\IoTTelemetry.Shared.Infrastructure.Tests\IoTTelemetry.Shared.Infrastructure.Tests.csproj", "{1953625B-9712-4CBF-A614-EFB84B7691F2}"
EndProject
Project("{2150E333-8FDC-42A3-9474-1A3956D46DE8}") = "Services", "Services", "{5854FF58-B8C5-05C6-5BF2-ACE42193F22B}"
EndProject
Project("{2150E333-8FDC-42A3-9474-1A3956D46DE8}") = "TelemetryProcessor", "TelemetryProcessor", "{855F9836-0C1D-D980-4DFD-7FAB3574BA1C}"
EndProject
Project("{FAE04EC0-301F-11D3-BF4B-00C04F79EFBC}") = "TelemetryProcessor.Host", "Services\TelemetryProcessor\TelemetryProcessor.Host\TelemetryProcessor.Host.csproj", "{DD417780-E679-445F-8236-4C349E3F9F9A}"
EndProject
Project("{FAE04EC0-301F-11D3-BF4B-00C04F79EFBC}") = "TelemetryProcessor.Application", "Services\TelemetryProcessor\TelemetryProcessor.Application\TelemetryProcessor.Application.csproj", "{8E83D731-DD2C-4397-9235-B97C93F2E821}"
EndProject
Project("{FAE04EC0-301F-11D3-BF4B-00C04F79EFBC}") = "TelemetryProcessor.Infrastructure", "Services\TelemetryProcessor\TelemetryProcessor.Infrastructure\TelemetryProcessor.Infrastructure.csproj", "{E0A9FCFD-61B6-4366-B4A5-D120238A0114}"
EndProject
Project("{FAE04EC0-301F-11D3-BF4B-00C04F79EFBC}") = "TelemetryProcessor.Application.Tests", "tests\TelemetryProcessor.Application.Tests\TelemetryProcessor.Application.Tests.csproj", "{C50F01F0-2AD9-457D-A46F-03521F5CA5B3}"
EndProject
Project("{2150E333-8FDC-42A3-9474-1A3956D46DE8}") = "Solution Items", "Solution Items", "{18DB0CB0-0E0D-4A91-AE5A-73A2AABE0BA1}"
	ProjectSection(SolutionItems) = preProject
		Directory.Packages.props = Directory.Packages.props
		docker-compose.yml = docker-compose.yml
		Directory.Build.props = Directory.Build.props
		README.md = README.md
	EndProjectSection
EndProject
Project("{FAE04EC0-301F-11D3-BF4B-00C04F79EFBC}") = "TelemetryProcessor.Tests.Integration", "tests\TelemetryProcessor.Tests.Integration\TelemetryProcessor.Tests.Integration.csproj", "{05B6BE51-81FE-40FF-8AD8-A57A7CFD2A54}"
EndProject
Project("{2150E333-8FDC-42A3-9474-1A3956D46DE8}") = "AlertHandler", "AlertHandler", "{A5B4C7D8-E9F1-4A23-B567-C89D01E23F45}"
EndProject
Project("{FAE04EC0-301F-11D3-BF4B-00C04F79EFBC}") = "AlertHandler.Application", "Services\AlertHandler\AlertHandler.Application\AlertHandler.Application.csproj", "{B1C2D3E4-F5A6-4B78-C901-D23E45F67A89}"
EndProject
Project("{FAE04EC0-301F-11D3-BF4B-00C04F79EFBC}") = "AlertHandler.Infrastructure", "Services\AlertHandler\AlertHandler.Infrastructure\AlertHandler.Infrastructure.csproj", "{C2D3E4F5-A6B7-4C89-D012-E34F56A78B90}"
EndProject
Project("{FAE04EC0-301F-11D3-BF4B-00C04F79EFBC}") = "AlertHandler.Host", "Services\AlertHandler\AlertHandler.Host\AlertHandler.Host.csproj", "{D3E4F5A6-B7C8-4D90-E123-F45A67B89C01}"
EndProject
Global
	GlobalSection(SolutionConfigurationPlatforms) = preSolution
		Debug|Any CPU = Debug|Any CPU
		Debug|x64 = Debug|x64
		Debug|x86 = Debug|x86
		Release|Any CPU = Release|Any CPU
		Release|x64 = Release|x64
		Release|x86 = Release|x86
	EndGlobalSection
	GlobalSection(ProjectConfigurationPlatforms) = postSolution
		{07B32DFE-C96B-407E-B037-498325056C50}.Debug|Any CPU.ActiveCfg = Debug|Any CPU
		{07B32DFE-C96B-407E-B037-498325056C50}.Debug|Any CPU.Build.0 = Debug|Any CPU
		{07B32DFE-C96B-407E-B037-498325056C50}.Debug|x64.ActiveCfg = Debug|Any CPU
		{07B32DFE-C96B-407E-B037-498325056C50}.Debug|x64.Build.0 = Debug|Any CPU
		{07B32DFE-C96B-407E-B037-498325056C50}.Debug|x86.ActiveCfg = Debug|Any CPU
		{07B32DFE-C96B-407E-B037-498325056C50}.Debug|x86.Build.0 = Debug|Any CPU
		{07B32DFE-C96B-407E-B037-498325056C50}.Release|Any CPU.ActiveCfg = Release|Any CPU
		{07B32DFE-C96B-407E-B037-498325056C50}.Release|Any CPU.Build.0 = Release|Any CPU
		{07B32DFE-C96B-407E-B037-498325056C50}.Release|x64.ActiveCfg = Release|Any CPU
		{07B32DFE-C96B-407E-B037-498325056C50}.Release|x64.Build.0 = Release|Any CPU
		{07B32DFE-C96B-407E-B037-498325056C50}.Release|x86.ActiveCfg = Release|Any CPU
		{07B32DFE-C96B-407E-B037-498325056C50}.Release|x86.Build.0 = Release|Any CPU
		{F8D8B99E-4132-4C29-98F1-255BD10D8317}.Debug|Any CPU.ActiveCfg = Debug|Any CPU
		{F8D8B99E-4132-4C29-98F1-255BD10D8317}.Debug|Any CPU.Build.0 = Debug|Any CPU
		{F8D8B99E-4132-4C29-98F1-255BD10D8317}.Debug|x64.ActiveCfg = Debug|Any CPU
		{F8D8B99E-4132-4C29-98F1-255BD10D8317}.Debug|x64.Build.0 = Debug|Any CPU
		{F8D8B99E-4132-4C29-98F1-255BD10D8317}.Debug|x86.ActiveCfg = Debug|Any CPU
		{F8D8B99E-4132-4C29-98F1-255BD10D8317}.Debug|x86.Build.0 = Debug|Any CPU
		{F8D8B99E-4132-4C29-98F1-255BD10D8317}.Release|Any CPU.ActiveCfg = Release|Any CPU
		{F8D8B99E-4132-4C29-98F1-255BD10D8317}.Release|Any CPU.Build.0 = Release|Any CPU
		{F8D8B99E-4132-4C29-98F1-255BD10D8317}.Release|x64.ActiveCfg = Release|Any CPU
		{F8D8B99E-4132-4C29-98F1-255BD10D8317}.Release|x64.Build.0 = Release|Any CPU
		{F8D8B99E-4132-4C29-98F1-255BD10D8317}.Release|x86.ActiveCfg = Release|Any CPU
		{F8D8B99E-4132-4C29-98F1-255BD10D8317}.Release|x86.Build.0 = Release|Any CPU
		{52160871-3803-44D8-B530-EA4003221B29}.Debug|Any CPU.ActiveCfg = Debug|Any CPU
		{52160871-3803-44D8-B530-EA4003221B29}.Debug|Any CPU.Build.0 = Debug|Any CPU
		{52160871-3803-44D8-B530-EA4003221B29}.Debug|x64.ActiveCfg = Debug|Any CPU
		{52160871-3803-44D8-B530-EA4003221B29}.Debug|x64.Build.0 = Debug|Any CPU
		{52160871-3803-44D8-B530-EA4003221B29}.Debug|x86.ActiveCfg = Debug|Any CPU
		{52160871-3803-44D8-B530-EA4003221B29}.Debug|x86.Build.0 = Debug|Any CPU
		{52160871-3803-44D8-B530-EA4003221B29}.Release|Any CPU.ActiveCfg = Release|Any CPU
		{52160871-3803-44D8-B530-EA4003221B29}.Release|Any CPU.Build.0 = Release|Any CPU
		{52160871-3803-44D8-B530-EA4003221B29}.Release|x64.ActiveCfg = Release|Any CPU
		{52160871-3803-44D8-B530-EA4003221B29}.Release|x64.Build.0 = Release|Any CPU
		{52160871-3803-44D8-B530-EA4003221B29}.Release|x86.ActiveCfg = Release|Any CPU
		{52160871-3803-44D8-B530-EA4003221B29}.Release|x86.Build.0 = Release|Any CPU
		{1953625B-9712-4CBF-A614-EFB84B7691F2}.Debug|Any CPU.ActiveCfg = Debug|Any CPU
		{1953625B-9712-4CBF-A614-EFB84B7691F2}.Debug|Any CPU.Build.0 = Debug|Any CPU
		{1953625B-9712-4CBF-A614-EFB84B7691F2}.Debug|x64.ActiveCfg = Debug|Any CPU
		{1953625B-9712-4CBF-A614-EFB84B7691F2}.Debug|x64.Build.0 = Debug|Any CPU
		{1953625B-9712-4CBF-A614-EFB84B7691F2}.Debug|x86.ActiveCfg = Debug|Any CPU
		{1953625B-9712-4CBF-A614-EFB84B7691F2}.Debug|x86.Build.0 = Debug|Any CPU
		{1953625B-9712-4CBF-A614-EFB84B7691F2}.Release|Any CPU.ActiveCfg = Release|Any CPU
		{1953625B-9712-4CBF-A614-EFB84B7691F2}.Release|Any CPU.Build.0 = Release|Any CPU
		{1953625B-9712-4CBF-A614-EFB84B7691F2}.Release|x64.ActiveCfg = Release|Any CPU
		{1953625B-9712-4CBF-A614-EFB84B7691F2}.Release|x64.Build.0 = Release|Any CPU
		{1953625B-9712-4CBF-A614-EFB84B7691F2}.Release|x86.ActiveCfg = Release|Any CPU
		{1953625B-9712-4CBF-A614-EFB84B7691F2}.Release|x86.Build.0 = Release|Any CPU
		{DD417780-E679-445F-8236-4C349E3F9F9A}.Debug|Any CPU.ActiveCfg = Debug|Any CPU
		{DD417780-E679-445F-8236-4C349E3F9F9A}.Debug|Any CPU.Build.0 = Debug|Any CPU
		{DD417780-E679-445F-8236-4C349E3F9F9A}.Debug|x64.ActiveCfg = Debug|Any CPU
		{DD417780-E679-445F-8236-4C349E3F9F9A}.Debug|x64.Build.0 = Debug|Any CPU
		{DD417780-E679-445F-8236-4C349E3F9F9A}.Debug|x86.ActiveCfg = Debug|Any CPU
		{DD417780-E679-445F-8236-4C349E3F9F9A}.Debug|x86.Build.0 = Debug|Any CPU
		{DD417780-E679-445F-8236-4C349E3F9F9A}.Release|Any CPU.ActiveCfg = Release|Any CPU
		{DD417780-E679-445F-8236-4C349E3F9F9A}.Release|Any CPU.Build.0 = Release|Any CPU
		{DD417780-E679-445F-8236-4C349E3F9F9A}.Release|x64.ActiveCfg = Release|Any CPU
		{DD417780-E679-445F-8236-4C349E3F9F9A}.Release|x64.Build.0 = Release|Any CPU
		{DD417780-E679-445F-8236-4C349E3F9F9A}.Release|x86.ActiveCfg = Release|Any CPU
		{DD417780-E679-445F-8236-4C349E3F9F9A}.Release|x86.Build.0 = Release|Any CPU
		{8E83D731-DD2C-4397-9235-B97C93F2E821}.Debug|Any CPU.ActiveCfg = Debug|Any CPU
		{8E83D731-DD2C-4397-9235-B97C93F2E821}.Debug|Any CPU.Build.0 = Debug|Any CPU
		{8E83D731-DD2C-4397-9235-B97C93F2E821}.Debug|x64.ActiveCfg = Debug|Any CPU
		{8E83D731-DD2C-4397-9235-B97C93F2E821}.Debug|x64.Build.0 = Debug|Any CPU
		{8E83D731-DD2C-4397-9235-B97C93F2E821}.Debug|x86.ActiveCfg = Debug|Any CPU
		{8E83D731-DD2C-4397-9235-B97C93F2E821}.Debug|x86.Build.0 = Debug|Any CPU
		{8E83D731-DD2C-4397-9235-B97C93F2E821}.Release|Any CPU.ActiveCfg = Release|Any CPU
		{8E83D731-DD2C-4397-9235-B97C93F2E821}.Release|Any CPU.Build.0 = Release|Any CPU
		{8E83D731-DD2C-4397-9235-B97C93F2E821}.Release|x64.ActiveCfg = Release|Any CPU
		{8E83D731-DD2C-4397-9235-B97C93F2E821}.Release|x64.Build.0 = Release|Any CPU
		{8E83D731-DD2C-4397-9235-B97C93F2E821}.Release|x86.ActiveCfg = Release|Any CPU
		{8E83D731-DD2C-4397-9235-B97C93F2E821}.Release|x86.Build.0 = Release|Any CPU
		{E0A9FCFD-61B6-4366-B4A5-D120238A0114}.Debug|Any CPU.ActiveCfg = Debug|Any CPU
		{E0A9FCFD-61B6-4366-B4A5-D120238A0114}.Debug|Any CPU.Build.0 = Debug|Any CPU
		{E0A9FCFD-61B6-4366-B4A5-D120238A0114}.Debug|x64.ActiveCfg = Debug|Any CPU
		{E0A9FCFD-61B6-4366-B4A5-D120238A0114}.Debug|x64.Build.0 = Debug|Any CPU
		{E0A9FCFD-61B6-4366-B4A5-D120238A0114}.Debug|x86.ActiveCfg = Debug|Any CPU
		{E0A9FCFD-61B6-4366-B4A5-D120238A0114}.Debug|x86.Build.0 = Debug|Any CPU
		{E0A9FCFD-61B6-4366-B4A5-D120238A0114}.Release|Any CPU.ActiveCfg = Release|Any CPU
		{E0A9FCFD-61B6-4366-B4A5-D120238A0114}.Release|Any CPU.Build.0 = Release|Any CPU
		{E0A9FCFD-61B6-4366-B4A5-D120238A0114}.Release|x64.ActiveCfg = Release|Any CPU
		{E0A9FCFD-61B6-4366-B4A5-D120238A0114}.Release|x64.Build.0 = Release|Any CPU
		{E0A9FCFD-61B6-4366-B4A5-D120238A0114}.Release|x86.ActiveCfg = Release|Any CPU
		{E0A9FCFD-61B6-4366-B4A5-D120238A0114}.Release|x86.Build.0 = Release|Any CPU
		{C50F01F0-2AD9-457D-A46F-03521F5CA5B3}.Debug|Any CPU.ActiveCfg = Debug|Any CPU
		{C50F01F0-2AD9-457D-A46F-03521F5CA5B3}.Debug|Any CPU.Build.0 = Debug|Any CPU
		{C50F01F0-2AD9-457D-A46F-03521F5CA5B3}.Debug|x64.ActiveCfg = Debug|Any CPU
		{C50F01F0-2AD9-457D-A46F-03521F5CA5B3}.Debug|x64.Build.0 = Debug|Any CPU
		{C50F01F0-2AD9-457D-A46F-03521F5CA5B3}.Debug|x86.ActiveCfg = Debug|Any CPU
		{C50F01F0-2AD9-457D-A46F-03521F5CA5B3}.Debug|x86.Build.0 = Debug|Any CPU
		{C50F01F0-2AD9-457D-A46F-03521F5CA5B3}.Release|Any CPU.ActiveCfg = Release|Any CPU
		{C50F01F0-2AD9-457D-A46F-03521F5CA5B3}.Release|Any CPU.Build.0 = Release|Any CPU
		{C50F01F0-2AD9-457D-A46F-03521F5CA5B3}.Release|x64.ActiveCfg = Release|Any CPU
		{C50F01F0-2AD9-457D-A46F-03521F5CA5B3}.Release|x64.Build.0 = Release|Any CPU
		{C50F01F0-2AD9-457D-A46F-03521F5CA5B3}.Release|x86.ActiveCfg = Release|Any CPU
		{C50F01F0-2AD9-457D-A46F-03521F5CA5B3}.Release|x86.Build.0 = Release|Any CPU
		{05B6BE51-81FE-40FF-8AD8-A57A7CFD2A54}.Debug|Any CPU.ActiveCfg = Debug|Any CPU
		{05B6BE51-81FE-40FF-8AD8-A57A7CFD2A54}.Debug|Any CPU.Build.0 = Debug|Any CPU
		{05B6BE51-81FE-40FF-8AD8-A57A7CFD2A54}.Debug|x64.ActiveCfg = Debug|Any CPU
		{05B6BE51-81FE-40FF-8AD8-A57A7CFD2A54}.Debug|x64.Build.0 = Debug|Any CPU
		{05B6BE51-81FE-40FF-8AD8-A57A7CFD2A54}.Debug|x86.ActiveCfg = Debug|Any CPU
		{05B6BE51-81FE-40FF-8AD8-A57A7CFD2A54}.Debug|x86.Build.0 = Debug|Any CPU
		{05B6BE51-81FE-40FF-8AD8-A57A7CFD2A54}.Release|Any CPU.ActiveCfg = Release|Any CPU
		{05B6BE51-81FE-40FF-8AD8-A57A7CFD2A54}.Release|Any CPU.Build.0 = Release|Any CPU
		{05B6BE51-81FE-40FF-8AD8-A57A7CFD2A54}.Release|x64.ActiveCfg = Release|Any CPU
		{05B6BE51-81FE-40FF-8AD8-A57A7CFD2A54}.Release|x64.Build.0 = Release|Any CPU
		{05B6BE51-81FE-40FF-8AD8-A57A7CFD2A54}.Release|x86.ActiveCfg = Release|Any CPU
		{05B6BE51-81FE-40FF-8AD8-A57A7CFD2A54}.Release|x86.Build.0 = Release|Any CPU
		{B1C2D3E4-F5A6-4B78-C901-D23E45F67A89}.Debug|Any CPU.ActiveCfg = Debug|Any CPU
		{B1C2D3E4-F5A6-4B78-C901-D23E45F67A89}.Debug|Any CPU.Build.0 = Debug|Any CPU
		{B1C2D3E4-F5A6-4B78-C901-D23E45F67A89}.Debug|x64.ActiveCfg = Debug|Any CPU
		{B1C2D3E4-F5A6-4B78-C901-D23E45F67A89}.Debug|x64.Build.0 = Debug|Any CPU
		{B1C2D3E4-F5A6-4B78-C901-D23E45F67A89}.Debug|x86.ActiveCfg = Debug|Any CPU
		{B1C2D3E4-F5A6-4B78-C901-D23E45F67A89}.Debug|x86.Build.0 = Debug|Any CPU
		{B1C2D3E4-F5A6-4B78-C901-D23E45F67A89}.Release|Any CPU.ActiveCfg = Release|Any CPU
		{B1C2D3E4-F5A6-4B78-C901-D23E45F67A89}.Release|Any CPU.Build.0 = Release|Any CPU
		{B1C2D3E4-F5A6-4B78-C901-D23E45F67A89}.Release|x64.ActiveCfg = Release|Any CPU
		{B1C2D3E4-F5A6-4B78-C901-D23E45F67A89}.Release|x64.Build.0 = Release|Any CPU
		{B1C2D3E4-F5A6-4B78-C901-D23E45F67A89}.Release|x86.ActiveCfg = Release|Any CPU
		{B1C2D3E4-F5A6-4B78-C901-D23E45F67A89}.Release|x86.Build.0 = Release|Any CPU
		{C2D3E4F5-A6B7-4C89-D012-E34F56A78B90}.Debug|Any CPU.ActiveCfg = Debug|Any CPU
		{C2D3E4F5-A6B7-4C89-D012-E34F56A78B90}.Debug|Any CPU.Build.0 = Debug|Any CPU
		{C2D3E4F5-A6B7-4C89-D012-E34F56A78B90}.Debug|x64.ActiveCfg = Debug|Any CPU
		{C2D3E4F5-A6B7-4C89-D012-E34F56A78B90}.Debug|x64.Build.0 = Debug|Any CPU
		{C2D3E4F5-A6B7-4C89-D012-E34F56A78B90}.Debug|x86.ActiveCfg = Debug|Any CPU
		{C2D3E4F5-A6B7-4C89-D012-E34F56A78B90}.Debug|x86.Build.0 = Debug|Any CPU
		{C2D3E4F5-A6B7-4C89-D012-E34F56A78B90}.Release|Any CPU.ActiveCfg = Release|Any CPU
		{C2D3E4F5-A6B7-4C89-D012-E34F56A78B90}.Release|Any CPU.Build.0 = Release|Any CPU
		{C2D3E4F5-A6B7-4C89-D012-E34F56A78B90}.Release|x64.ActiveCfg = Release|Any CPU
		{C2D3E4F5-A6B7-4C89-D012-E34F56A78B90}.Release|x64.Build.0 = Release|Any CPU
		{C2D3E4F5-A6B7-4C89-D012-E34F56A78B90}.Release|x86.ActiveCfg = Release|Any CPU
		{C2D3E4F5-A6B7-4C89-D012-E34F56A78B90}.Release|x86.Build.0 = Release|Any CPU
		{D3E4F5A6-B7C8-4D90-E123-F45A67B89C01}.Debug|Any CPU.ActiveCfg = Debug|Any CPU
		{D3E4F5A6-B7C8-4D90-E123-F45A67B89C01}.Debug|Any CPU.Build.0 = Debug|Any CPU
		{D3E4F5A6-B7C8-4D90-E123-F45A67B89C01}.Debug|x64.ActiveCfg = Debug|Any CPU
		{D3E4F5A6-B7C8-4D90-E123-F45A67B89C01}.Debug|x64.Build.0 = Debug|Any CPU
		{D3E4F5A6-B7C8-4D90-E123-F45A67B89C01}.Debug|x86.ActiveCfg = Debug|Any CPU
		{D3E4F5A6-B7C8-4D90-E123-F45A67B89C01}.Debug|x86.Build.0 = Debug|Any CPU
		{D3E4F5A6-B7C8-4D90-E123-F45A67B89C01}.Release|Any CPU.ActiveCfg = Release|Any CPU
		{D3E4F5A6-B7C8-4D90-E123-F45A67B89C01}.Release|Any CPU.Build.0 = Release|Any CPU
		{D3E4F5A6-B7C8-4D90-E123-F45A67B89C01}.Release|x64.ActiveCfg = Release|Any CPU
		{D3E4F5A6-B7C8-4D90-E123-F45A67B89C01}.Release|x64.Build.0 = Release|Any CPU
		{D3E4F5A6-B7C8-4D90-E123-F45A67B89C01}.Release|x86.ActiveCfg = Release|Any CPU
		{D3E4F5A6-B7C8-4D90-E123-F45A67B89C01}.Release|x86.Build.0 = Release|Any CPU
	EndGlobalSection
	GlobalSection(SolutionProperties) = preSolution
		HideSolutionNode = FALSE
	EndGlobalSection
	GlobalSection(NestedProjects) = preSolution
		{07B32DFE-C96B-407E-B037-498325056C50} = {4F52FD11-658E-A102-6CD3-7D7C16FFA15B}
		{F8D8B99E-4132-4C29-98F1-255BD10D8317} = {4F52FD11-658E-A102-6CD3-7D7C16FFA15B}
		{52160871-3803-44D8-B530-EA4003221B29} = {0AB3BF05-4346-4AA6-1389-037BE0695223}
		{1953625B-9712-4CBF-A614-EFB84B7691F2} = {0AB3BF05-4346-4AA6-1389-037BE0695223}
		{855F9836-0C1D-D980-4DFD-7FAB3574BA1C} = {5854FF58-B8C5-05C6-5BF2-ACE42193F22B}
		{DD417780-E679-445F-8236-4C349E3F9F9A} = {855F9836-0C1D-D980-4DFD-7FAB3574BA1C}
		{8E83D731-DD2C-4397-9235-B97C93F2E821} = {855F9836-0C1D-D980-4DFD-7FAB3574BA1C}
		{E0A9FCFD-61B6-4366-B4A5-D120238A0114} = {855F9836-0C1D-D980-4DFD-7FAB3574BA1C}
		{C50F01F0-2AD9-457D-A46F-03521F5CA5B3} = {0AB3BF05-4346-4AA6-1389-037BE0695223}
		{05B6BE51-81FE-40FF-8AD8-A57A7CFD2A54} = {0AB3BF05-4346-4AA6-1389-037BE0695223}
		{A5B4C7D8-E9F1-4A23-B567-C89D01E23F45} = {5854FF58-B8C5-05C6-5BF2-ACE42193F22B}
		{B1C2D3E4-F5A6-4B78-C901-D23E45F67A89} = {A5B4C7D8-E9F1-4A23-B567-C89D01E23F45}
		{C2D3E4F5-A6B7-4C89-D012-E34F56A78B90} = {A5B4C7D8-E9F1-4A23-B567-C89D01E23F45}
		{D3E4F5A6-B7C8-4D90-E123-F45A67B89C01} = {A5B4C7D8-E9F1-4A23-B567-C89D01E23F45}
	EndGlobalSection
EndGlobal
